
Microsoft Visual Studio Solution File, Format Version 12.00
# Visual Studio Version 16
VisualStudioVersion = 16.0.32428.217
MinimumVisualStudioVersion = 10.0.40219.1
Project("{FAE04EC0-301F-11D3-BF4B-00C04F79EFBC}") = "Einkaufsliste", "Einkaufsliste.csproj", "{D622A359-8DD6-4E95-A1A9-F3162D0B0A33}"
EndProject
Global
	GlobalSection(SolutionConfigurationPlatforms) = preSolution
		Debug|Any CPU = Debug|Any CPU
		Release|Any CPU = Release|Any CPU
	EndGlobalSection
	GlobalSection(ProjectConfigurationPlatforms) = postSolution
		{D622A359-8DD6-4E95-A1A9-F3162D0B0A33}.Debug|Any CPU.ActiveCfg = Debug|Any CPU
		{D622A359-8DD6-4E95-A1A9-F3162D0B0A33}.Debug|Any CPU.Build.0 = Debug|Any CPU
		{D622A359-8DD6-4E95-A1A9-F3162D0B0A33}.Release|Any CPU.ActiveCfg = Release|Any CPU
		{D622A359-8DD6-4E95-A1A9-F3162D0B0A33}.Release|Any CPU.Build.0 = Release|Any CPU
	EndGlobalSection
	GlobalSection(SolutionProperties) = preSolution
		HideSolutionNode = FALSE
	EndGlobalSection
	GlobalSection(ExtensibilityGlobals) = postSolution
		SolutionGuid = {EF84D3D0-4FE4-4F0D-80C7-0F09B2B8DD11}
	EndGlobalSection
EndGlobal
